// !$*UTF8*$!
{
	archiveVersion = 1;
	classes = {
	};
	objectVersion = 55;
	objects = {

/* Begin PBXBuildFile section */
		ACCFE03A291CC45700C0CBD0 /* AppDelegate.swift in Sources */ = {isa = PBXBuildFile; fileRef = ACCFE039291CC45700C0CBD0 /* AppDelegate.swift */; };
		ACCFE03C291CC45700C0CBD0 /* SceneDelegate.swift in Sources */ = {isa = PBXBuildFile; fileRef = ACCFE03B291CC45700C0CBD0 /* SceneDelegate.swift */; };
		ACCFE03E291CC45700C0CBD0 /* ViewController.swift in Sources */ = {isa = PBXBuildFile; fileRef = ACCFE03D291CC45700C0CBD0 /* ViewController.swift */; };
		ACCFE041291CC45700C0CBD0 /* Main.storyboard in Resources */ = {isa = PBXBuildFile; fileRef = ACCFE03F291CC45700C0CBD0 /* Main.storyboard */; };
		ACCFE043291CC45800C0CBD0 /* Assets.xcassets in Resources */ = {isa = PBXBuildFile; fileRef = ACCFE042291CC45800C0CBD0 /* Assets.xcassets */; };
		ACCFE046291CC45800C0CBD0 /* LaunchScreen.storyboard in Resources */ = {isa = PBXBuildFile; fileRef = ACCFE044291CC45800C0CBD0 /* LaunchScreen.storyboard */; };
		ACCFE05E291CC6A000C0CBD0 /* SocketUtil.swift in Sources */ = {isa = PBXBuildFile; fileRef = ACCFE053291CC6A000C0CBD0 /* SocketUtil.swift */; };
		ACCFE060291CC6A000C0CBD0 /* MySendTransportListener.swift in Sources */ = {isa = PBXBuildFile; fileRef = ACCFE055291CC6A000C0CBD0 /* MySendTransportListener.swift */; };
		ACCFE061291CC6A000C0CBD0 /* Message.swift in Sources */ = {isa = PBXBuildFile; fileRef = ACCFE056291CC6A000C0CBD0 /* Message.swift */; };
		ACCFE062291CC6A000C0CBD0 /* ActionEvent.swift in Sources */ = {isa = PBXBuildFile; fileRef = ACCFE057291CC6A000C0CBD0 /* ActionEvent.swift */; };
		ACCFE064291CC6A000C0CBD0 /* RequestHelper.swift in Sources */ = {isa = PBXBuildFile; fileRef = ACCFE059291CC6A000C0CBD0 /* RequestHelper.swift */; };
		ACCFE065291CC6A000C0CBD0 /* ChatCollectionViewCell.swift in Sources */ = {isa = PBXBuildFile; fileRef = ACCFE05B291CC6A000C0CBD0 /* ChatCollectionViewCell.swift */; };
		ACCFE066291CC6A000C0CBD0 /* ChatCollectionView.swift in Sources */ = {isa = PBXBuildFile; fileRef = ACCFE05C291CC6A000C0CBD0 /* ChatCollectionView.swift */; };
		ACCFE067291CC6A000C0CBD0 /* ChatCollectionViewCell.xib in Resources */ = {isa = PBXBuildFile; fileRef = ACCFE05D291CC6A000C0CBD0 /* ChatCollectionViewCell.xib */; };
		ACCFE06A291CC7CE00C0CBD0 /* ChatRender.swift in Sources */ = {isa = PBXBuildFile; fileRef = ACCFE069291CC7CE00C0CBD0 /* ChatRender.swift */; };
		E6F07ED094ABF24346E8AFC5 /* Pods_mediasoup_ios_swift_demo.framework in Frameworks */ = {isa = PBXBuildFile; fileRef = 9166920224E98822CFB271B1 /* Pods_mediasoup_ios_swift_demo.framework */; };
/* End PBXBuildFile section */

/* Begin PBXFileReference section */
		01E57CEF9B5285515F84EBD7 /* Pods-mediasoup_ios_swift_demo.release.xcconfig */ = {isa = PBXFileReference; includeInIndex = 1; lastKnownFileType = text.xcconfig; name = "Pods-mediasoup_ios_swift_demo.release.xcconfig"; path = "Target Support Files/Pods-mediasoup_ios_swift_demo/Pods-mediasoup_ios_swift_demo.release.xcconfig"; sourceTree = "<group>"; };
		6C7BC790E6D61E17750C440C /* Pods-mediasoup_ios_swift_demo.debug.xcconfig */ = {isa = PBXFileReference; includeInIndex = 1; lastKnownFileType = text.xcconfig; name = "Pods-mediasoup_ios_swift_demo.debug.xcconfig"; path = "Target Support Files/Pods-mediasoup_ios_swift_demo/Pods-mediasoup_ios_swift_demo.debug.xcconfig"; sourceTree = "<group>"; };
		9166920224E98822CFB271B1 /* Pods_mediasoup_ios_swift_demo.framework */ = {isa = PBXFileReference; explicitFileType = wrapper.framework; includeInIndex = 0; path = Pods_mediasoup_ios_swift_demo.framework; sourceTree = BUILT_PRODUCTS_DIR; };
		ACCFE036291CC45700C0CBD0 /* mediasoup_ios_swift_demo.app */ = {isa = PBXFileReference; explicitFileType = wrapper.application; includeInIndex = 0; path = mediasoup_ios_swift_demo.app; sourceTree = BUILT_PRODUCTS_DIR; };
		ACCFE039291CC45700C0CBD0 /* AppDelegate.swift */ = {isa = PBXFileReference; lastKnownFileType = sourcecode.swift; path = AppDelegate.swift; sourceTree = "<group>"; };
		ACCFE03B291CC45700C0CBD0 /* SceneDelegate.swift */ = {isa = PBXFileReference; lastKnownFileType = sourcecode.swift; path = SceneDelegate.swift; sourceTree = "<group>"; };
		ACCFE03D291CC45700C0CBD0 /* ViewController.swift */ = {isa = PBXFileReference; lastKnownFileType = sourcecode.swift; path = ViewController.swift; sourceTree = "<group>"; };
		ACCFE040291CC45700C0CBD0 /* Base */ = {isa = PBXFileReference; lastKnownFileType = file.storyboard; name = Base; path = Base.lproj/Main.storyboard; sourceTree = "<group>"; };
		ACCFE042291CC45800C0CBD0 /* Assets.xcassets */ = {isa = PBXFileReference; lastKnownFileType = folder.assetcatalog; path = Assets.xcassets; sourceTree = "<group>"; };
		ACCFE045291CC45800C0CBD0 /* Base */ = {isa = PBXFileReference; lastKnownFileType = file.storyboard; name = Base; path = Base.lproj/LaunchScreen.storyboard; sourceTree = "<group>"; };
		ACCFE047291CC45800C0CBD0 /* Info.plist */ = {isa = PBXFileReference; lastKnownFileType = text.plist.xml; path = Info.plist; sourceTree = "<group>"; };
		ACCFE04D291CC63B00C0CBD0 /* mediasoup_ios_swift_demo-Bridging-Header.h */ = {isa = PBXFileReference; lastKnownFileType = sourcecode.c.h; path = "mediasoup_ios_swift_demo-Bridging-Header.h"; sourceTree = "<group>"; };
		ACCFE053291CC6A000C0CBD0 /* SocketUtil.swift */ = {isa = PBXFileReference; fileEncoding = 4; lastKnownFileType = sourcecode.swift; path = SocketUtil.swift; sourceTree = "<group>"; };
		ACCFE055291CC6A000C0CBD0 /* MySendTransportListener.swift */ = {isa = PBXFileReference; fileEncoding = 4; lastKnownFileType = sourcecode.swift; path = MySendTransportListener.swift; sourceTree = "<group>"; };
		ACCFE056291CC6A000C0CBD0 /* Message.swift */ = {isa = PBXFileReference; fileEncoding = 4; lastKnownFileType = sourcecode.swift; path = Message.swift; sourceTree = "<group>"; };
		ACCFE057291CC6A000C0CBD0 /* ActionEvent.swift */ = {isa = PBXFileReference; fileEncoding = 4; lastKnownFileType = sourcecode.swift; path = ActionEvent.swift; sourceTree = "<group>"; };
		ACCFE059291CC6A000C0CBD0 /* RequestHelper.swift */ = {isa = PBXFileReference; fileEncoding = 4; lastKnownFileType = sourcecode.swift; path = RequestHelper.swift; sourceTree = "<group>"; };
		ACCFE05B291CC6A000C0CBD0 /* ChatCollectionViewCell.swift */ = {isa = PBXFileReference; fileEncoding = 4; lastKnownFileType = sourcecode.swift; path = ChatCollectionViewCell.swift; sourceTree = "<group>"; };
		ACCFE05C291CC6A000C0CBD0 /* ChatCollectionView.swift */ = {isa = PBXFileReference; fileEncoding = 4; lastKnownFileType = sourcecode.swift; path = ChatCollectionView.swift; sourceTree = "<group>"; };
		ACCFE05D291CC6A000C0CBD0 /* ChatCollectionViewCell.xib */ = {isa = PBXFileReference; fileEncoding = 4; lastKnownFileType = file.xib; path = ChatCollectionViewCell.xib; sourceTree = "<group>"; };
		ACCFE069291CC7CE00C0CBD0 /* ChatRender.swift */ = {isa = PBXFileReference; lastKnownFileType = sourcecode.swift; path = ChatRender.swift; sourceTree = "<group>"; };
/* End PBXFileReference section */

/* Begin PBXFrameworksBuildPhase section */
		ACCFE033291CC45700C0CBD0 /* Frameworks */ = {
			isa = PBXFrameworksBuildPhase;
			buildActionMask = 2147483647;
			files = (
				E6F07ED094ABF24346E8AFC5 /* Pods_mediasoup_ios_swift_demo.framework in Frameworks */,
			);
			runOnlyForDeploymentPostprocessing = 0;
		};
/* End PBXFrameworksBuildPhase section */

/* Begin PBXGroup section */
		41754ADC10164D29F8DB728F /* Frameworks */ = {
			isa = PBXGroup;
			children = (
				9166920224E98822CFB271B1 /* Pods_mediasoup_ios_swift_demo.framework */,
			);
			name = Frameworks;
			sourceTree = "<group>";
		};
		A66BDF1651C96A8CEBB1A605 /* Pods */ = {
			isa = PBXGroup;
			children = (
				6C7BC790E6D61E17750C440C /* Pods-mediasoup_ios_swift_demo.debug.xcconfig */,
				01E57CEF9B5285515F84EBD7 /* Pods-mediasoup_ios_swift_demo.release.xcconfig */,
			);
			path = Pods;
			sourceTree = "<group>";
		};
		ACCFE02D291CC45700C0CBD0 = {
			isa = PBXGroup;
			children = (
				ACCFE038291CC45700C0CBD0 /* mediasoup_ios_swift_demo */,
				ACCFE037291CC45700C0CBD0 /* Products */,
				A66BDF1651C96A8CEBB1A605 /* Pods */,
				41754ADC10164D29F8DB728F /* Frameworks */,
			);
			sourceTree = "<group>";
		};
		ACCFE037291CC45700C0CBD0 /* Products */ = {
			isa = PBXGroup;
			children = (
				ACCFE036291CC45700C0CBD0 /* mediasoup_ios_swift_demo.app */,
			);
			name = Products;
			sourceTree = "<group>";
		};
		ACCFE038291CC45700C0CBD0 /* mediasoup_ios_swift_demo */ = {
			isa = PBXGroup;
			children = (
				ACCFE051291CC6A000C0CBD0 /* Sockets */,
				ACCFE039291CC45700C0CBD0 /* AppDelegate.swift */,
				ACCFE03B291CC45700C0CBD0 /* SceneDelegate.swift */,
				ACCFE03D291CC45700C0CBD0 /* ViewController.swift */,
				ACCFE03F291CC45700C0CBD0 /* Main.storyboard */,
				ACCFE042291CC45800C0CBD0 /* Assets.xcassets */,
				ACCFE044291CC45800C0CBD0 /* LaunchScreen.storyboard */,
				ACCFE047291CC45800C0CBD0 /* Info.plist */,
				ACCFE04D291CC63B00C0CBD0 /* mediasoup_ios_swift_demo-Bridging-Header.h */,
			);
			path = mediasoup_ios_swift_demo;
			sourceTree = "<group>";
		};
		ACCFE051291CC6A000C0CBD0 /* Sockets */ = {
			isa = PBXGroup;
			children = (
				ACCFE068291CC73B00C0CBD0 /* Model */,
				ACCFE052291CC6A000C0CBD0 /* Request */,
				ACCFE05A291CC6A000C0CBD0 /* Views */,
			);
			path = Sockets;
			sourceTree = "<group>";
		};
		ACCFE052291CC6A000C0CBD0 /* Request */ = {
			isa = PBXGroup;
			children = (
				ACCFE053291CC6A000C0CBD0 /* SocketUtil.swift */,
				ACCFE055291CC6A000C0CBD0 /* MySendTransportListener.swift */,
				ACCFE056291CC6A000C0CBD0 /* Message.swift */,
				ACCFE057291CC6A000C0CBD0 /* ActionEvent.swift */,
				ACCFE059291CC6A000C0CBD0 /* RequestHelper.swift */,
			);
			path = Request;
			sourceTree = "<group>";
		};
		ACCFE05A291CC6A000C0CBD0 /* Views */ = {
			isa = PBXGroup;
			children = (
				ACCFE05B291CC6A000C0CBD0 /* ChatCollectionViewCell.swift */,
				ACCFE05C291CC6A000C0CBD0 /* ChatCollectionView.swift */,
				ACCFE05D291CC6A000C0CBD0 /* ChatCollectionViewCell.xib */,
			);
			path = Views;
			sourceTree = "<group>";
		};
		ACCFE068291CC73B00C0CBD0 /* Model */ = {
			isa = PBXGroup;
			children = (
				ACCFE069291CC7CE00C0CBD0 /* ChatRender.swift */,
			);
			path = Model;
			sourceTree = "<group>";
		};
/* End PBXGroup section */

/* Begin PBXNativeTarget section */
		ACCFE035291CC45700C0CBD0 /* mediasoup_ios_swift_demo */ = {
			isa = PBXNativeTarget;
			buildConfigurationList = ACCFE04A291CC45800C0CBD0 /* Build configuration list for PBXNativeTarget "mediasoup_ios_swift_demo" */;
			buildPhases = (
				3FF763365A969EEDB74B68C9 /* [CP] Check Pods Manifest.lock */,
				ACCFE032291CC45700C0CBD0 /* Sources */,
				ACCFE033291CC45700C0CBD0 /* Frameworks */,
				ACCFE034291CC45700C0CBD0 /* Resources */,
				7C302923A469816584FCFC4F /* [CP] Embed Pods Frameworks */,
			);
			buildRules = (
			);
			dependencies = (
			);
			name = mediasoup_ios_swift_demo;
			productName = mediasoup_ios_swift_demo;
			productReference = ACCFE036291CC45700C0CBD0 /* mediasoup_ios_swift_demo.app */;
			productType = "com.apple.product-type.application";
		};
/* End PBXNativeTarget section */

/* Begin PBXProject section */
		ACCFE02E291CC45700C0CBD0 /* Project object */ = {
			isa = PBXProject;
			attributes = {
				BuildIndependentTargetsInParallel = 1;
				LastSwiftUpdateCheck = 1340;
				LastUpgradeCheck = 1340;
				TargetAttributes = {
					ACCFE035291CC45700C0CBD0 = {
						CreatedOnToolsVersion = 13.4.1;
						LastSwiftMigration = 1340;
					};
				};
			};
			buildConfigurationList = ACCFE031291CC45700C0CBD0 /* Build configuration list for PBXProject "mediasoup_ios_swift_demo" */;
			compatibilityVersion = "Xcode 13.0";
			developmentRegion = en;
			hasScannedForEncodings = 0;
			knownRegions = (
				en,
				Base,
			);
			mainGroup = ACCFE02D291CC45700C0CBD0;
			productRefGroup = ACCFE037291CC45700C0CBD0 /* Products */;
			projectDirPath = "";
			projectRoot = "";
			targets = (
				ACCFE035291CC45700C0CBD0 /* mediasoup_ios_swift_demo */,
			);
		};
/* End PBXProject section */

/* Begin PBXResourcesBuildPhase section */
		ACCFE034291CC45700C0CBD0 /* Resources */ = {
			isa = PBXResourcesBuildPhase;
			buildActionMask = 2147483647;
			files = (
				ACCFE046291CC45800C0CBD0 /* LaunchScreen.storyboard in Resources */,
				ACCFE043291CC45800C0CBD0 /* Assets.xcassets in Resources */,
				ACCFE067291CC6A000C0CBD0 /* ChatCollectionViewCell.xib in Resources */,
				ACCFE041291CC45700C0CBD0 /* Main.storyboard in Resources */,
			);
			runOnlyForDeploymentPostprocessing = 0;
		};
/* End PBXResourcesBuildPhase section */

/* Begin PBXShellScriptBuildPhase section */
		3FF763365A969EEDB74B68C9 /* [CP] Check Pods Manifest.lock */ = {
			isa = PBXShellScriptBuildPhase;
			buildActionMask = 2147483647;
			files = (
			);
			inputFileListPaths = (
			);
			inputPaths = (
				"${PODS_PODFILE_DIR_PATH}/Podfile.lock",
				"${PODS_ROOT}/Manifest.lock",
			);
			name = "[CP] Check Pods Manifest.lock";
			outputFileListPaths = (
			);
			outputPaths = (
				"$(DERIVED_FILE_DIR)/Pods-mediasoup_ios_swift_demo-checkManifestLockResult.txt",
			);
			runOnlyForDeploymentPostprocessing = 0;
			shellPath = /bin/sh;
			shellScript = "diff \"${PODS_PODFILE_DIR_PATH}/Podfile.lock\" \"${PODS_ROOT}/Manifest.lock\" > /dev/null\nif [ $? != 0 ] ; then\n    # print error to STDERR\n    echo \"error: The sandbox is not in sync with the Podfile.lock. Run 'pod install' or update your CocoaPods installation.\" >&2\n    exit 1\nfi\n# This output is used by Xcode 'outputs' to avoid re-running this script phase.\necho \"SUCCESS\" > \"${SCRIPT_OUTPUT_FILE_0}\"\n";
			showEnvVarsInLog = 0;
		};
		7C302923A469816584FCFC4F /* [CP] Embed Pods Frameworks */ = {
			isa = PBXShellScriptBuildPhase;
			buildActionMask = 2147483647;
			files = (
			);
			inputFileListPaths = (
				"${PODS_ROOT}/Target Support Files/Pods-mediasoup_ios_swift_demo/Pods-mediasoup_ios_swift_demo-frameworks-${CONFIGURATION}-input-files.xcfilelist",
			);
			name = "[CP] Embed Pods Frameworks";
			outputFileListPaths = (
				"${PODS_ROOT}/Target Support Files/Pods-mediasoup_ios_swift_demo/Pods-mediasoup_ios_swift_demo-frameworks-${CONFIGURATION}-output-files.xcfilelist",
			);
			runOnlyForDeploymentPostprocessing = 0;
			shellPath = /bin/sh;
			shellScript = "\"${PODS_ROOT}/Target Support Files/Pods-mediasoup_ios_swift_demo/Pods-mediasoup_ios_swift_demo-frameworks.sh\"\n";
			showEnvVarsInLog = 0;
		};
/* End PBXShellScriptBuildPhase section */

/* Begin PBXSourcesBuildPhase section */
		ACCFE032291CC45700C0CBD0 /* Sources */ = {
			isa = PBXSourcesBuildPhase;
			buildActionMask = 2147483647;
			files = (
				ACCFE065291CC6A000C0CBD0 /* ChatCollectionViewCell.swift in Sources */,
				ACCFE03E291CC45700C0CBD0 /* ViewController.swift in Sources */,
				ACCFE03A291CC45700C0CBD0 /* AppDelegate.swift in Sources */,
				ACCFE060291CC6A000C0CBD0 /* MySendTransportListener.swift in Sources */,
				ACCFE064291CC6A000C0CBD0 /* RequestHelper.swift in Sources */,
				ACCFE062291CC6A000C0CBD0 /* ActionEvent.swift in Sources */,
				ACCFE06A291CC7CE00C0CBD0 /* ChatRender.swift in Sources */,
				ACCFE05E291CC6A000C0CBD0 /* SocketUtil.swift in Sources */,
				ACCFE03C291CC45700C0CBD0 /* SceneDelegate.swift in Sources */,
				ACCFE066291CC6A000C0CBD0 /* ChatCollectionView.swift in Sources */,
				ACCFE061291CC6A000C0CBD0 /* Message.swift in Sources */,
			);
			runOnlyForDeploymentPostprocessing = 0;
		};
/* End PBXSourcesBuildPhase section */

/* Begin PBXVariantGroup section */
		ACCFE03F291CC45700C0CBD0 /* Main.storyboard */ = {
			isa = PBXVariantGroup;
			children = (
				ACCFE040291CC45700C0CBD0 /* Base */,
			);
			name = Main.storyboard;
			sourceTree = "<group>";
		};
		ACCFE044291CC45800C0CBD0 /* LaunchScreen.storyboard */ = {
			isa = PBXVariantGroup;
			children = (
				ACCFE045291CC45800C0CBD0 /* Base */,
			);
			name = LaunchScreen.storyboard;
			sourceTree = "<group>";
		};
/* End PBXVariantGroup section */

/* Begin XCBuildConfiguration section */
		ACCFE048291CC45800C0CBD0 /* Debug */ = {
			isa = XCBuildConfiguration;
			buildSettings = {
				ALWAYS_SEARCH_USER_PATHS = NO;
				CLANG_ANALYZER_NONNULL = YES;
				CLANG_ANALYZER_NUMBER_OBJECT_CONVERSION = YES_AGGRESSIVE;
				CLANG_CXX_LANGUAGE_STANDARD = "gnu++17";
				CLANG_ENABLE_MODULES = YES;
				CLANG_ENABLE_OBJC_ARC = YES;
				CLANG_ENABLE_OBJC_WEAK = YES;
				CLANG_WARN_BLOCK_CAPTURE_AUTORELEASING = YES;
				CLANG_WARN_BOOL_CONVERSION = YES;
				CLANG_WARN_COMMA = YES;
				CLANG_WARN_CONSTANT_CONVERSION = YES;
				CLANG_WARN_DEPRECATED_OBJC_IMPLEMENTATIONS = YES;
				CLANG_WARN_DIRECT_OBJC_ISA_USAGE = YES_ERROR;
				CLANG_WARN_DOCUMENTATION_COMMENTS = YES;
				CLANG_WARN_EMPTY_BODY = YES;
				CLANG_WARN_ENUM_CONVERSION = YES;
				CLANG_WARN_INFINITE_RECURSION = YES;
				CLANG_WARN_INT_CONVERSION = YES;
				CLANG_WARN_NON_LITERAL_NULL_CONVERSION = YES;
				CLANG_WARN_OBJC_IMPLICIT_RETAIN_SELF = YES;
				CLANG_WARN_OBJC_LITERAL_CONVERSION = YES;
				CLANG_WARN_OBJC_ROOT_CLASS = YES_ERROR;
				CLANG_WARN_QUOTED_INCLUDE_IN_FRAMEWORK_HEADER = YES;
				CLANG_WARN_RANGE_LOOP_ANALYSIS = YES;
				CLANG_WARN_STRICT_PROTOTYPES = YES;
				CLANG_WARN_SUSPICIOUS_MOVE = YES;
				CLANG_WARN_UNGUARDED_AVAILABILITY = YES_AGGRESSIVE;
				CLANG_WARN_UNREACHABLE_CODE = YES;
				CLANG_WARN__DUPLICATE_METHOD_MATCH = YES;
				COPY_PHASE_STRIP = NO;
				DEBUG_INFORMATION_FORMAT = dwarf;
				ENABLE_STRICT_OBJC_MSGSEND = YES;
				ENABLE_TESTABILITY = YES;
				GCC_C_LANGUAGE_STANDARD = gnu11;
				GCC_DYNAMIC_NO_PIC = NO;
				GCC_NO_COMMON_BLOCKS = YES;
				GCC_OPTIMIZATION_LEVEL = 0;
				GCC_PREPROCESSOR_DEFINITIONS = (
					"DEBUG=1",
					"$(inherited)",
				);
				GCC_WARN_64_TO_32_BIT_CONVERSION = YES;
				GCC_WARN_ABOUT_RETURN_TYPE = YES_ERROR;
				GCC_WARN_UNDECLARED_SELECTOR = YES;
				GCC_WARN_UNINITIALIZED_AUTOS = YES_AGGRESSIVE;
				GCC_WARN_UNUSED_FUNCTION = YES;
				GCC_WARN_UNUSED_VARIABLE = YES;
				IPHONEOS_DEPLOYMENT_TARGET = 15.5;
				MTL_ENABLE_DEBUG_INFO = INCLUDE_SOURCE;
				MTL_FAST_MATH = YES;
				ONLY_ACTIVE_ARCH = YES;
				SDKROOT = iphoneos;
				SWIFT_ACTIVE_COMPILATION_CONDITIONS = DEBUG;
				SWIFT_OPTIMIZATION_LEVEL = "-Onone";
			};
			name = Debug;
		};
		ACCFE049291CC45800C0CBD0 /* Release */ = {
			isa = XCBuildConfiguration;
			buildSettings = {
				ALWAYS_SEARCH_USER_PATHS = NO;
				CLANG_ANALYZER_NONNULL = YES;
				CLANG_ANALYZER_NUMBER_OBJECT_CONVERSION = YES_AGGRESSIVE;
				CLANG_CXX_LANGUAGE_STANDARD = "gnu++17";
				CLANG_ENABLE_MODULES = YES;
				CLANG_ENABLE_OBJC_ARC = YES;
				CLANG_ENABLE_OBJC_WEAK = YES;
				CLANG_WARN_BLOCK_CAPTURE_AUTORELEASING = YES;
				CLANG_WARN_BOOL_CONVERSION = YES;
				CLANG_WARN_COMMA = YES;
				CLANG_WARN_CONSTANT_CONVERSION = YES;
				CLANG_WARN_DEPRECATED_OBJC_IMPLEMENTATIONS = YES;
				CLANG_WARN_DIRECT_OBJC_ISA_USAGE = YES_ERROR;
				CLANG_WARN_DOCUMENTATION_COMMENTS = YES;
				CLANG_WARN_EMPTY_BODY = YES;
				CLANG_WARN_ENUM_CONVERSION = YES;
				CLANG_WARN_INFINITE_RECURSION = YES;
				CLANG_WARN_INT_CONVERSION = YES;
				CLANG_WARN_NON_LITERAL_NULL_CONVERSION = YES;
				CLANG_WARN_OBJC_IMPLICIT_RETAIN_SELF = YES;
				CLANG_WARN_OBJC_LITERAL_CONVERSION = YES;
				CLANG_WARN_OBJC_ROOT_CLASS = YES_ERROR;
				CLANG_WARN_QUOTED_INCLUDE_IN_FRAMEWORK_HEADER = YES;
				CLANG_WARN_RANGE_LOOP_ANALYSIS = YES;
				CLANG_WARN_STRICT_PROTOTYPES = YES;
				CLANG_WARN_SUSPICIOUS_MOVE = YES;
				CLANG_WARN_UNGUARDED_AVAILABILITY = YES_AGGRESSIVE;
				CLANG_WARN_UNREACHABLE_CODE = YES;
				CLANG_WARN__DUPLICATE_METHOD_MATCH = YES;
				COPY_PHASE_STRIP = NO;
				DEBUG_INFORMATION_FORMAT = "dwarf-with-dsym";
				ENABLE_NS_ASSERTIONS = NO;
				ENABLE_STRICT_OBJC_MSGSEND = YES;
				GCC_C_LANGUAGE_STANDARD = gnu11;
				GCC_NO_COMMON_BLOCKS = YES;
				GCC_WARN_64_TO_32_BIT_CONVERSION = YES;
				GCC_WARN_ABOUT_RETURN_TYPE = YES_ERROR;
				GCC_WARN_UNDECLARED_SELECTOR = YES;
				GCC_WARN_UNINITIALIZED_AUTOS = YES_AGGRESSIVE;
				GCC_WARN_UNUSED_FUNCTION = YES;
				GCC_WARN_UNUSED_VARIABLE = YES;
				IPHONEOS_DEPLOYMENT_TARGET = 15.5;
				MTL_ENABLE_DEBUG_INFO = NO;
				MTL_FAST_MATH = YES;
				SDKROOT = iphoneos;
				SWIFT_COMPILATION_MODE = wholemodule;
				SWIFT_OPTIMIZATION_LEVEL = "-O";
				VALIDATE_PRODUCT = YES;
			};
			name = Release;
		};
		ACCFE04B291CC45800C0CBD0 /* Debug */ = {
			isa = XCBuildConfiguration;
			baseConfigurationReference = 6C7BC790E6D61E17750C440C /* Pods-mediasoup_ios_swift_demo.debug.xcconfig */;
			buildSettings = {
				ASSETCATALOG_COMPILER_APPICON_NAME = AppIcon;
				ASSETCATALOG_COMPILER_GLOBAL_ACCENT_COLOR_NAME = AccentColor;
				CLANG_ENABLE_MODULES = YES;
				CODE_SIGN_STYLE = Automatic;
				CURRENT_PROJECT_VERSION = 1;
				DEVELOPMENT_TEAM = VKAHZ3G9J9;
				ENABLE_BITCODE = NO;
				GENERATE_INFOPLIST_FILE = YES;
				INFOPLIST_FILE = mediasoup_ios_swift_demo/Info.plist;
				INFOPLIST_KEY_CFBundleDisplayName = "群聊Demo";
				INFOPLIST_KEY_UIApplicationSupportsIndirectInputEvents = YES;
				INFOPLIST_KEY_UILaunchStoryboardName = LaunchScreen;
				INFOPLIST_KEY_UIMainStoryboardFile = Main;
				INFOPLIST_KEY_UISupportedInterfaceOrientations_iPad = "UIInterfaceOrientationPortrait UIInterfaceOrientationPortraitUpsideDown UIInterfaceOrientationLandscapeLeft UIInterfaceOrientationLandscapeRight";
				INFOPLIST_KEY_UISupportedInterfaceOrientations_iPhone = "UIInterfaceOrientationPortrait UIInterfaceOrientationLandscapeLeft UIInterfaceOrientationLandscapeRight";
				IPHONEOS_DEPLOYMENT_TARGET = 13.0;
				LD_RUNPATH_SEARCH_PATHS = (
					"$(inherited)",
					"@executable_path/Frameworks",
				);
				MARKETING_VERSION = 1.0;
				PRODUCT_BUNDLE_IDENTIFIER = cn.2woniu.health.test;
				PRODUCT_NAME = "$(TARGET_NAME)";
				SWIFT_EMIT_LOC_STRINGS = YES;
				SWIFT_OBJC_BRIDGING_HEADER = "mediasoup_ios_swift_demo/mediasoup_ios_swift_demo-Bridging-Header.h";
				SWIFT_OPTIMIZATION_LEVEL = "-Onone";
				SWIFT_VERSION = 5.0;
				TARGETED_DEVICE_FAMILY = 1;
			};
			name = Debug;
		};
		ACCFE04C291CC45800C0CBD0 /* Release */ = {
			isa = XCBuildConfiguration;
			baseConfigurationReference = 01E57CEF9B5285515F84EBD7 /* Pods-mediasoup_ios_swift_demo.release.xcconfig */;
			buildSettings = {
				ASSETCATALOG_COMPILER_APPICON_NAME = AppIcon;
				ASSETCATALOG_COMPILER_GLOBAL_ACCENT_COLOR_NAME = AccentColor;
				CLANG_ENABLE_MODULES = YES;
				CODE_SIGN_STYLE = Automatic;
				CURRENT_PROJECT_VERSION = 1;
				DEVELOPMENT_TEAM = VKAHZ3G9J9;
				ENABLE_BITCODE = NO;
				GENERATE_INFOPLIST_FILE = YES;
				INFOPLIST_FILE = mediasoup_ios_swift_demo/Info.plist;
				INFOPLIST_KEY_CFBundleDisplayName = "群聊Demo";
				INFOPLIST_KEY_UIApplicationSupportsIndirectInputEvents = YES;
				INFOPLIST_KEY_UILaunchStoryboardName = LaunchScreen;
				INFOPLIST_KEY_UIMainStoryboardFile = Main;
				INFOPLIST_KEY_UISupportedInterfaceOrientations_iPad = "UIInterfaceOrientationPortrait UIInterfaceOrientationPortraitUpsideDown UIInterfaceOrientationLandscapeLeft UIInterfaceOrientationLandscapeRight";
				INFOPLIST_KEY_UISupportedInterfaceOrientations_iPhone = "UIInterfaceOrientationPortrait UIInterfaceOrientationLandscapeLeft UIInterfaceOrientationLandscapeRight";
				IPHONEOS_DEPLOYMENT_TARGET = 13.0;
				LD_RUNPATH_SEARCH_PATHS = (
					"$(inherited)",
					"@executable_path/Frameworks",
				);
				MARKETING_VERSION = 1.0;
				PRODUCT_BUNDLE_IDENTIFIER = cn.2woniu.health.test;
				PRODUCT_NAME = "$(TARGET_NAME)";
				SWIFT_EMIT_LOC_STRINGS = YES;
				SWIFT_OBJC_BRIDGING_HEADER = "mediasoup_ios_swift_demo/mediasoup_ios_swift_demo-Bridging-Header.h";
				SWIFT_VERSION = 5.0;
				TARGETED_DEVICE_FAMILY = 1;
			};
			name = Release;
		};
/* End XCBuildConfiguration section */

/* Begin XCConfigurationList section */
		ACCFE031291CC45700C0CBD0 /* Build configuration list for PBXProject "mediasoup_ios_swift_demo" */ = {
			isa = XCConfigurationList;
			buildConfigurations = (
				ACCFE048291CC45800C0CBD0 /* Debug */,
				ACCFE049291CC45800C0CBD0 /* Release */,
			);
			defaultConfigurationIsVisible = 0;
			defaultConfigurationName = Release;
		};
		ACCFE04A291CC45800C0CBD0 /* Build configuration list for PBXNativeTarget "mediasoup_ios_swift_demo" */ = {
			isa = XCConfigurationList;
			buildConfigurations = (
				ACCFE04B291CC45800C0CBD0 /* Debug */,
				ACCFE04C291CC45800C0CBD0 /* Release */,
			);
			defaultConfigurationIsVisible = 0;
			defaultConfigurationName = Release;
		};
/* End XCConfigurationList section */
	};
	rootObject = ACCFE02E291CC45700C0CBD0 /* Project object */;
}
